
Microsoft Visual Studio Solution File, Format Version 12.00
# Visual Studio 2013
VisualStudioVersion = 12.0.21005.1
MinimumVisualStudioVersion = 10.0.40219.1
Project("{FAE04EC0-301F-11D3-BF4B-00C04F79EFBC}") = "Geometry", "Geometry\Geometry.csproj", "{2E335DD0-6A0D-48B7-9CE3-0A46F63305C2}"
EndProject
Project("{FAE04EC0-301F-11D3-BF4B-00C04F79EFBC}") = "ClassLibrary1", "ClassLibrary1\ClassLibrary1.csproj", "{47906696-95D1-4D41-A0F4-8C80C41D131C}"
EndProject
Project("{F2A71F9B-5D33-465A-A702-920D77279786}") = "Tests", "Tests\Tests.fsproj", "{6AB20E65-6196-4555-9863-72E3CEA8EA89}"
EndProject
Project("{2150E333-8FDC-42A3-9474-1A3956D46DE8}") = ".nuget", ".nuget", "{644CE31B-795E-4E64-AF19-813BBD1EDF2B}"
	ProjectSection(SolutionItems) = preProject
		.nuget\packages.config = .nuget\packages.config
	EndProjectSection
EndProject
Global
	GlobalSection(SolutionConfigurationPlatforms) = preSolution
		Debug|Any CPU = Debug|Any CPU
		Release|Any CPU = Release|Any CPU
	EndGlobalSection
	GlobalSection(ProjectConfigurationPlatforms) = postSolution
		{2E335DD0-6A0D-48B7-9CE3-0A46F63305C2}.Debug|Any CPU.ActiveCfg = Debug|Any CPU
		{2E335DD0-6A0D-48B7-9CE3-0A46F63305C2}.Debug|Any CPU.Build.0 = Debug|Any CPU
		{2E335DD0-6A0D-48B7-9CE3-0A46F63305C2}.Release|Any CPU.ActiveCfg = Release|Any CPU
		{2E335DD0-6A0D-48B7-9CE3-0A46F63305C2}.Release|Any CPU.Build.0 = Release|Any CPU
		{47906696-95D1-4D41-A0F4-8C80C41D131C}.Debug|Any CPU.ActiveCfg = Debug|Any CPU
		{47906696-95D1-4D41-A0F4-8C80C41D131C}.Debug|Any CPU.Build.0 = Debug|Any CPU
		{47906696-95D1-4D41-A0F4-8C80C41D131C}.Release|Any CPU.ActiveCfg = Release|Any CPU
		{47906696-95D1-4D41-A0F4-8C80C41D131C}.Release|Any CPU.Build.0 = Release|Any CPU
		{6AB20E65-6196-4555-9863-72E3CEA8EA89}.Debug|Any CPU.ActiveCfg = Debug|Any CPU
		{6AB20E65-6196-4555-9863-72E3CEA8EA89}.Debug|Any CPU.Build.0 = Debug|Any CPU
		{6AB20E65-6196-4555-9863-72E3CEA8EA89}.Release|Any CPU.ActiveCfg = Release|Any CPU
		{6AB20E65-6196-4555-9863-72E3CEA8EA89}.Release|Any CPU.Build.0 = Release|Any CPU
	EndGlobalSection
	GlobalSection(SolutionProperties) = preSolution
		HideSolutionNode = FALSE
	EndGlobalSection
EndGlobal
